// !$*UTF8*$!
{
	archiveVersion = 1;
	classes = {
	};
	objectVersion = 46;
	objects = {

/* Begin PBXBuildFile section */
		2718B7701DC0B1360078B04E /* main.m in Sources */ = {isa = PBXBuildFile; fileRef = 2718B76F1DC0B1360078B04E /* main.m */; };
		2718B7731DC0B1360078B04E /* AppDelegate.m in Sources */ = {isa = PBXBuildFile; fileRef = 2718B7721DC0B1360078B04E /* AppDelegate.m */; };
		2718B7761DC0B1360078B04E /* ViewController.m in Sources */ = {isa = PBXBuildFile; fileRef = 2718B7751DC0B1360078B04E /* ViewController.m */; };
		2718B7791DC0B1360078B04E /* Main.storyboard in Resources */ = {isa = PBXBuildFile; fileRef = 2718B7771DC0B1360078B04E /* Main.storyboard */; };
		2718B77B1DC0B1360078B04E /* Assets.xcassets in Resources */ = {isa = PBXBuildFile; fileRef = 2718B77A1DC0B1360078B04E /* Assets.xcassets */; };
		2718B77E1DC0B1360078B04E /* LaunchScreen.storyboard in Resources */ = {isa = PBXBuildFile; fileRef = 2718B77C1DC0B1360078B04E /* LaunchScreen.storyboard */; };
		2718B7871DC0B1AE0078B04E /* ZZFileDataHandle.m in Sources */ = {isa = PBXBuildFile; fileRef = 2718B7861DC0B1AE0078B04E /* ZZFileDataHandle.m */; };
		2718B78B1DC0B5C90078B04E /* ZZMBProgressManager.m in Sources */ = {isa = PBXBuildFile; fileRef = 2718B78A1DC0B5C90078B04E /* ZZMBProgressManager.m */; };
		2718B7911DC0BACE0078B04E /* ZZAFNetworkingManager.m in Sources */ = {isa = PBXBuildFile; fileRef = 2718B7901DC0BACE0078B04E /* ZZAFNetworkingManager.m */; };
/* End PBXBuildFile section */

/* Begin PBXFileReference section */
		2718B76B1DC0B1360078B04E /* ZZTools.app */ = {isa = PBXFileReference; explicitFileType = wrapper.application; includeInIndex = 0; path = ZZTools.app; sourceTree = BUILT_PRODUCTS_DIR; };
		2718B76F1DC0B1360078B04E /* main.m */ = {isa = PBXFileReference; lastKnownFileType = sourcecode.c.objc; path = main.m; sourceTree = "<group>"; };
		2718B7711DC0B1360078B04E /* AppDelegate.h */ = {isa = PBXFileReference; lastKnownFileType = sourcecode.c.h; path = AppDelegate.h; sourceTree = "<group>"; };
		2718B7721DC0B1360078B04E /* AppDelegate.m */ = {isa = PBXFileReference; lastKnownFileType = sourcecode.c.objc; path = AppDelegate.m; sourceTree = "<group>"; };
		2718B7741DC0B1360078B04E /* ViewController.h */ = {isa = PBXFileReference; lastKnownFileType = sourcecode.c.h; path = ViewController.h; sourceTree = "<group>"; };
		2718B7751DC0B1360078B04E /* ViewController.m */ = {isa = PBXFileReference; lastKnownFileType = sourcecode.c.objc; path = ViewController.m; sourceTree = "<group>"; };
		2718B7781DC0B1360078B04E /* Base */ = {isa = PBXFileReference; lastKnownFileType = file.storyboard; name = Base; path = Base.lproj/Main.storyboard; sourceTree = "<group>"; };
		2718B77A1DC0B1360078B04E /* Assets.xcassets */ = {isa = PBXFileReference; lastKnownFileType = folder.assetcatalog; path = Assets.xcassets; sourceTree = "<group>"; };
		2718B77D1DC0B1360078B04E /* Base */ = {isa = PBXFileReference; lastKnownFileType = file.storyboard; name = Base; path = Base.lproj/LaunchScreen.storyboard; sourceTree = "<group>"; };
		2718B77F1DC0B1360078B04E /* Info.plist */ = {isa = PBXFileReference; lastKnownFileType = text.plist.xml; path = Info.plist; sourceTree = "<group>"; };
		2718B7851DC0B1AE0078B04E /* ZZFileDataHandle.h */ = {isa = PBXFileReference; fileEncoding = 4; lastKnownFileType = sourcecode.c.h; path = ZZFileDataHandle.h; sourceTree = "<group>"; };
		2718B7861DC0B1AE0078B04E /* ZZFileDataHandle.m */ = {isa = PBXFileReference; fileEncoding = 4; lastKnownFileType = sourcecode.c.objc; path = ZZFileDataHandle.m; sourceTree = "<group>"; };
		2718B7881DC0B3470078B04E /* Singleton.h */ = {isa = PBXFileReference; fileEncoding = 4; lastKnownFileType = sourcecode.c.h; path = Singleton.h; sourceTree = "<group>"; };
		2718B7891DC0B5C90078B04E /* ZZMBProgressManager.h */ = {isa = PBXFileReference; fileEncoding = 4; lastKnownFileType = sourcecode.c.h; path = ZZMBProgressManager.h; sourceTree = "<group>"; };
		2718B78A1DC0B5C90078B04E /* ZZMBProgressManager.m */ = {isa = PBXFileReference; fileEncoding = 4; lastKnownFileType = sourcecode.c.objc; path = ZZMBProgressManager.m; sourceTree = "<group>"; };
		2718B78F1DC0BACE0078B04E /* ZZAFNetworkingManager.h */ = {isa = PBXFileReference; fileEncoding = 4; lastKnownFileType = sourcecode.c.h; path = ZZAFNetworkingManager.h; sourceTree = "<group>"; };
		2718B7901DC0BACE0078B04E /* ZZAFNetworkingManager.m */ = {isa = PBXFileReference; fileEncoding = 4; lastKnownFileType = sourcecode.c.objc; path = ZZAFNetworkingManager.m; sourceTree = "<group>"; };
/* End PBXFileReference section */

/* Begin PBXFrameworksBuildPhase section */
		2718B7681DC0B1360078B04E /* Frameworks */ = {
			isa = PBXFrameworksBuildPhase;
			buildActionMask = 2147483647;
			files = (
			);
			runOnlyForDeploymentPostprocessing = 0;
		};
/* End PBXFrameworksBuildPhase section */

/* Begin PBXGroup section */
		2718B7621DC0B1360078B04E = {
			isa = PBXGroup;
			children = (
				2718B76D1DC0B1360078B04E /* ZZTools */,
				2718B76C1DC0B1360078B04E /* Products */,
			);
			sourceTree = "<group>";
		};
		2718B76C1DC0B1360078B04E /* Products */ = {
			isa = PBXGroup;
			children = (
				2718B76B1DC0B1360078B04E /* ZZTools.app */,
			);
			name = Products;
			sourceTree = "<group>";
		};
		2718B76D1DC0B1360078B04E /* ZZTools */ = {
			isa = PBXGroup;
			children = (
				2718B7711DC0B1360078B04E /* AppDelegate.h */,
				2718B7721DC0B1360078B04E /* AppDelegate.m */,
				2718B7741DC0B1360078B04E /* ViewController.h */,
				2718B7751DC0B1360078B04E /* ViewController.m */,
				2718B7851DC0B1AE0078B04E /* ZZFileDataHandle.h */,
				2718B7861DC0B1AE0078B04E /* ZZFileDataHandle.m */,
				2718B7891DC0B5C90078B04E /* ZZMBProgressManager.h */,
				2718B78A1DC0B5C90078B04E /* ZZMBProgressManager.m */,
				2718B78F1DC0BACE0078B04E /* ZZAFNetworkingManager.h */,
				2718B7901DC0BACE0078B04E /* ZZAFNetworkingManager.m */,
				2718B7881DC0B3470078B04E /* Singleton.h */,
				2718B7771DC0B1360078B04E /* Main.storyboard */,
				2718B77A1DC0B1360078B04E /* Assets.xcassets */,
				2718B77C1DC0B1360078B04E /* LaunchScreen.storyboard */,
				2718B77F1DC0B1360078B04E /* Info.plist */,
				2718B76E1DC0B1360078B04E /* Supporting Files */,
			);
			path = ZZTools;
			sourceTree = "<group>";
		};
		2718B76E1DC0B1360078B04E /* Supporting Files */ = {
			isa = PBXGroup;
			children = (
				2718B76F1DC0B1360078B04E /* main.m */,
			);
			name = "Supporting Files";
			sourceTree = "<group>";
		};
/* End PBXGroup section */

/* Begin PBXNativeTarget section */
		2718B76A1DC0B1360078B04E /* ZZTools */ = {
			isa = PBXNativeTarget;
			buildConfigurationList = 2718B7821DC0B1360078B04E /* Build configuration list for PBXNativeTarget "ZZTools" */;
			buildPhases = (
				2718B7671DC0B1360078B04E /* Sources */,
				2718B7681DC0B1360078B04E /* Frameworks */,
				2718B7691DC0B1360078B04E /* Resources */,
			);
			buildRules = (
			);
			dependencies = (
			);
			name = ZZTools;
			productName = ZZTools;
			productReference = 2718B76B1DC0B1360078B04E /* ZZTools.app */;
			productType = "com.apple.product-type.application";
		};
/* End PBXNativeTarget section */

/* Begin PBXProject section */
		2718B7631DC0B1360078B04E /* Project object */ = {
			isa = PBXProject;
			attributes = {
				LastUpgradeCheck = 0800;
				ORGANIZATIONNAME = zhaozhe;
				TargetAttributes = {
					2718B76A1DC0B1360078B04E = {
						CreatedOnToolsVersion = 8.0;
						ProvisioningStyle = Manual;
					};
				};
			};
			buildConfigurationList = 2718B7661DC0B1360078B04E /* Build configuration list for PBXProject "ZZTools" */;
			compatibilityVersion = "Xcode 3.2";
			developmentRegion = English;
			hasScannedForEncodings = 0;
			knownRegions = (
				en,
				Base,
			);
			mainGroup = 2718B7621DC0B1360078B04E;
			productRefGroup = 2718B76C1DC0B1360078B04E /* Products */;
			projectDirPath = "";
			projectRoot = "";
			targets = (
				2718B76A1DC0B1360078B04E /* ZZTools */,
			);
		};
/* End PBXProject section */

/* Begin PBXResourcesBuildPhase section */
		2718B7691DC0B1360078B04E /* Resources */ = {
			isa = PBXResourcesBuildPhase;
			buildActionMask = 2147483647;
			files = (
				2718B77E1DC0B1360078B04E /* LaunchScreen.storyboard in Resources */,
				2718B77B1DC0B1360078B04E /* Assets.xcassets in Resources */,
				2718B7791DC0B1360078B04E /* Main.storyboard in Resources */,
			);
			runOnlyForDeploymentPostprocessing = 0;
		};
/* End PBXResourcesBuildPhase section */

/* Begin PBXSourcesBuildPhase section */
		2718B7671DC0B1360078B04E /* Sources */ = {
			isa = PBXSourcesBuildPhase;
			buildActionMask = 2147483647;
			files = (
				2718B7911DC0BACE0078B04E /* ZZAFNetworkingManager.m in Sources */,
				2718B7761DC0B1360078B04E /* ViewController.m in Sources */,
				2718B7731DC0B1360078B04E /* AppDelegate.m in Sources */,
				2718B78B1DC0B5C90078B04E /* ZZMBProgressManager.m in Sources */,
				2718B7701DC0B1360078B04E /* main.m in Sources */,
				2718B7871DC0B1AE0078B04E /* ZZFileDataHandle.m in Sources */,
			);
			runOnlyForDeploymentPostprocessing = 0;
		};
/* End PBXSourcesBuildPhase section */

/* Begin PBXVariantGroup section */
		2718B7771DC0B1360078B04E /* Main.storyboard */ = {
			isa = PBXVariantGroup;
			children = (
				2718B7781DC0B1360078B04E /* Base */,
			);
			name = Main.storyboard;
			sourceTree = "<group>";
		};
		2718B77C1DC0B1360078B04E /* LaunchScreen.storyboard */ = {
			isa = PBXVariantGroup;
			children = (
				2718B77D1DC0B1360078B04E /* Base */,
			);
			name = LaunchScreen.storyboard;
			sourceTree = "<group>";
		};
/* End PBXVariantGroup section */

/* Begin XCBuildConfiguration section */
		2718B7801DC0B1360078B04E /* Debug */ = {
			isa = XCBuildConfiguration;
			buildSettings = {
				ALWAYS_SEARCH_USER_PATHS = NO;
				CLANG_ANALYZER_NONNULL = YES;
				CLANG_CXX_LANGUAGE_STANDARD = "gnu++0x";
				CLANG_CXX_LIBRARY = "libc++";
				CLANG_ENABLE_MODULES = YES;
				CLANG_ENABLE_OBJC_ARC = YES;
				CLANG_WARN_BOOL_CONVERSION = YES;
				CLANG_WARN_CONSTANT_CONVERSION = YES;
				CLANG_WARN_DIRECT_OBJC_ISA_USAGE = YES_ERROR;
				CLANG_WARN_DOCUMENTATION_COMMENTS = YES;
				CLANG_WARN_EMPTY_BODY = YES;
				CLANG_WARN_ENUM_CONVERSION = YES;
				CLANG_WARN_INFINITE_RECURSION = YES;
				CLANG_WARN_INT_CONVERSION = YES;
				CLANG_WARN_OBJC_ROOT_CLASS = YES_ERROR;
				CLANG_WARN_SUSPICIOUS_MOVES = YES;
				CLANG_WARN_UNREACHABLE_CODE = YES;
				CLANG_WARN__DUPLICATE_METHOD_MATCH = YES;
				"CODE_SIGN_IDENTITY[sdk=iphoneos*]" = "iPhone Developer";
				COPY_PHASE_STRIP = NO;
				DEBUG_INFORMATION_FORMAT = dwarf;
				ENABLE_STRICT_OBJC_MSGSEND = YES;
				ENABLE_TESTABILITY = YES;
				GCC_C_LANGUAGE_STANDARD = gnu99;
				GCC_DYNAMIC_NO_PIC = NO;
				GCC_NO_COMMON_BLOCKS = YES;
				GCC_OPTIMIZATION_LEVEL = 0;
				GCC_PREPROCESSOR_DEFINITIONS = (
					"DEBUG=1",
					"$(inherited)",
				);
				GCC_WARN_64_TO_32_BIT_CONVERSION = YES;
				GCC_WARN_ABOUT_RETURN_TYPE = YES_ERROR;
				GCC_WARN_UNDECLARED_SELECTOR = YES;
				GCC_WARN_UNINITIALIZED_AUTOS = YES_AGGRESSIVE;
				GCC_WARN_UNUSED_FUNCTION = YES;
				GCC_WARN_UNUSED_VARIABLE = YES;
				IPHONEOS_DEPLOYMENT_TARGET = 10.0;
				MTL_ENABLE_DEBUG_INFO = YES;
				ONLY_ACTIVE_ARCH = YES;
				SDKROOT = iphoneos;
			};
			name = Debug;
		};
		2718B7811DC0B1360078B04E /* Release */ = {
			isa = XCBuildConfiguration;
			buildSettings = {
				ALWAYS_SEARCH_USER_PATHS = NO;
				CLANG_ANALYZER_NONNULL = YES;
				CLANG_CXX_LANGUAGE_STANDARD = "gnu++0x";
				CLANG_CXX_LIBRARY = "libc++";
				CLANG_ENABLE_MODULES = YES;
				CLANG_ENABLE_OBJC_ARC = YES;
				CLANG_WARN_BOOL_CONVERSION = YES;
				CLANG_WARN_CONSTANT_CONVERSION = YES;
				CLANG_WARN_DIRECT_OBJC_ISA_USAGE = YES_ERROR;
				CLANG_WARN_DOCUMENTATION_COMMENTS = YES;
				CLANG_WARN_EMPTY_BODY = YES;
				CLANG_WARN_ENUM_CONVERSION = YES;
				CLANG_WARN_INFINITE_RECURSION = YES;
				CLANG_WARN_INT_CONVERSION = YES;
				CLANG_WARN_OBJC_ROOT_CLASS = YES_ERROR;
				CLANG_WARN_SUSPICIOUS_MOVES = YES;
				CLANG_WARN_UNREACHABLE_CODE = YES;
				CLANG_WARN__DUPLICATE_METHOD_MATCH = YES;
				"CODE_SIGN_IDENTITY[sdk=iphoneos*]" = "iPhone Developer";
				COPY_PHASE_STRIP = NO;
				DEBUG_INFORMATION_FORMAT = "dwarf-with-dsym";
				ENABLE_NS_ASSERTIONS = NO;
				ENABLE_STRICT_OBJC_MSGSEND = YES;
				GCC_C_LANGUAGE_STANDARD = gnu99;
				GCC_NO_COMMON_BLOCKS = YES;
				GCC_WARN_64_TO_32_BIT_CONVERSION = YES;
				GCC_WARN_ABOUT_RETURN_TYPE = YES_ERROR;
				GCC_WARN_UNDECLARED_SELECTOR = YES;
				GCC_WARN_UNINITIALIZED_AUTOS = YES_AGGRESSIVE;
				GCC_WARN_UNUSED_FUNCTION = YES;
				GCC_WARN_UNUSED_VARIABLE = YES;
				IPHONEOS_DEPLOYMENT_TARGET = 10.0;
				MTL_ENABLE_DEBUG_INFO = NO;
				SDKROOT = iphoneos;
				VALIDATE_PRODUCT = YES;
			};
			name = Release;
		};
		2718B7831DC0B1360078B04E /* Debug */ = {
			isa = XCBuildConfiguration;
			buildSettings = {
				ASSETCATALOG_COMPILER_APPICON_NAME = AppIcon;
				DEVELOPMENT_TEAM = "";
				INFOPLIST_FILE = ZZTools/Info.plist;
				LD_RUNPATH_SEARCH_PATHS = "$(inherited) @executable_path/Frameworks";
				PRODUCT_BUNDLE_IDENTIFIER = com.ZZTools;
				PRODUCT_NAME = "$(TARGET_NAME)";
			};
			name = Debug;
		};
		2718B7841DC0B1360078B04E /* Release */ = {
			isa = XCBuildConfiguration;
			buildSettings = {
				ASSETCATALOG_COMPILER_APPICON_NAME = AppIcon;
				DEVELOPMENT_TEAM = "";
				INFOPLIST_FILE = ZZTools/Info.plist;
				LD_RUNPATH_SEARCH_PATHS = "$(inherited) @executable_path/Frameworks";
				PRODUCT_BUNDLE_IDENTIFIER = com.ZZTools;
				PRODUCT_NAME = "$(TARGET_NAME)";
			};
			name = Release;
		};
/* End XCBuildConfiguration section */

/* Begin XCConfigurationList section */
		2718B7661DC0B1360078B04E /* Build configuration list for PBXProject "ZZTools" */ = {
			isa = XCConfigurationList;
			buildConfigurations = (
				2718B7801DC0B1360078B04E /* Debug */,
				2718B7811DC0B1360078B04E /* Release */,
			);
			defaultConfigurationIsVisible = 0;
			defaultConfigurationName = Release;
		};
		2718B7821DC0B1360078B04E /* Build configuration list for PBXNativeTarget "ZZTools" */ = {
			isa = XCConfigurationList;
			buildConfigurations = (
				2718B7831DC0B1360078B04E /* Debug */,
				2718B7841DC0B1360078B04E /* Release */,
			);
			defaultConfigurationIsVisible = 0;
		};
/* End XCConfigurationList section */
	};
	rootObject = 2718B7631DC0B1360078B04E /* Project object */;
}
