// !$*UTF8*$!
{
	archiveVersion = 1;
	classes = {
	};
	objectVersion = 46;
	objects = {

/* Begin PBXBuildFile section */
		2718B7701DC0B1360078B04E /* main.m in Sources */ = {isa = PBXBuildFile; fileRef = 2718B76F1DC0B1360078B04E /* main.m */; };
		2718B7731DC0B1360078B04E /* AppDelegate.m in Sources */ = {isa = PBXBuildFile; fileRef = 2718B7721DC0B1360078B04E /* AppDelegate.m */; };
		2718B7761DC0B1360078B04E /* ViewController.m in Sources */ = {isa = PBXBuildFile; fileRef = 2718B7751DC0B1360078B04E /* ViewController.m */; };
		2718B7791DC0B1360078B04E /* Main.storyboard in Resources */ = {isa = PBXBuildFile; fileRef = 2718B7771DC0B1360078B04E /* Main.storyboard */; };
		2718B77B1DC0B1360078B04E /* Assets.xcassets in Resources */ = {isa = PBXBuildFile; fileRef = 2718B77A1DC0B1360078B04E /* Assets.xcassets */; };
		2718B77E1DC0B1360078B04E /* LaunchScreen.storyboard in Resources */ = {isa = PBXBuildFile; fileRef = 2718B77C1DC0B1360078B04E /* LaunchScreen.storyboard */; };
		2718B7871DC0B1AE0078B04E /* ZZFileDataHandle.m in Sources */ = {isa = PBXBuildFile; fileRef = 2718B7861DC0B1AE0078B04E /* ZZFileDataHandle.m */; };
		2718B78B1DC0B5C90078B04E /* ZZMBProgressManager.m in Sources */ = {isa = PBXBuildFile; fileRef = 2718B78A1DC0B5C90078B04E /* ZZMBProgressManager.m */; };
		2718B7911DC0BACE0078B04E /* ZZAFNetworkingManager.m in Sources */ = {isa = PBXBuildFile; fileRef = 2718B7901DC0BACE0078B04E /* ZZAFNetworkingManager.m */; };
		5980B3C9B67481BCB3F654CC /* Pods_ZZTools.framework in Frameworks */ = {isa = PBXBuildFile; fileRef = B7F089CEB11ABDA3FABC1046 /* Pods_ZZTools.framework */; };
		6024E1D91DC1DC1B008BA1A5 /* ZZCustomAlertView.m in Sources */ = {isa = PBXBuildFile; fileRef = 6024E1D81DC1DC1B008BA1A5 /* ZZCustomAlertView.m */; };
		6039484B1DF690F8000FAABD /* CodeButton.m in Sources */ = {isa = PBXBuildFile; fileRef = 6039484A1DF690F8000FAABD /* CodeButton.m */; };
		6039484E1DF69138000FAABD /* CustomButton.m in Sources */ = {isa = PBXBuildFile; fileRef = 6039484D1DF69138000FAABD /* CustomButton.m */; };
		603948DD1DF6A06A000FAABD /* ButtonsView.m in Sources */ = {isa = PBXBuildFile; fileRef = 603948DC1DF6A06A000FAABD /* ButtonsView.m */; };
		603948F61DF6A504000FAABD /* AdvertiseHelper.m in Sources */ = {isa = PBXBuildFile; fileRef = 603948EE1DF6A504000FAABD /* AdvertiseHelper.m */; };
		603948F71DF6A504000FAABD /* AdvertiseView.m in Sources */ = {isa = PBXBuildFile; fileRef = 603948F01DF6A504000FAABD /* AdvertiseView.m */; };
		603948F81DF6A504000FAABD /* GuidePagesHelper.m in Sources */ = {isa = PBXBuildFile; fileRef = 603948F31DF6A504000FAABD /* GuidePagesHelper.m */; };
		603948F91DF6A504000FAABD /* GuidePagesView.m in Sources */ = {isa = PBXBuildFile; fileRef = 603948F51DF6A504000FAABD /* GuidePagesView.m */; };
		603948FE1DF6A75E000FAABD /* DatePickerView.m in Sources */ = {isa = PBXBuildFile; fileRef = 603948FD1DF6A75E000FAABD /* DatePickerView.m */; };
		604EE9B01DF8172F00F036C0 /* PhotosCollectionView.m in Sources */ = {isa = PBXBuildFile; fileRef = 604EE9AD1DF8172F00F036C0 /* PhotosCollectionView.m */; };
		604EE9B11DF8172F00F036C0 /* PhotosCollectionViewCell.m in Sources */ = {isa = PBXBuildFile; fileRef = 604EE9AF1DF8172F00F036C0 /* PhotosCollectionViewCell.m */; };
		604EE9C81DF8174A00F036C0 /* NSBundle+TZImagePicker.m in Sources */ = {isa = PBXBuildFile; fileRef = 604EE9B41DF8174A00F036C0 /* NSBundle+TZImagePicker.m */; };
		604EE9C91DF8174A00F036C0 /* TZAssetCell.m in Sources */ = {isa = PBXBuildFile; fileRef = 604EE9B61DF8174A00F036C0 /* TZAssetCell.m */; };
		604EE9CA1DF8174A00F036C0 /* TZAssetModel.m in Sources */ = {isa = PBXBuildFile; fileRef = 604EE9B81DF8174A00F036C0 /* TZAssetModel.m */; };
		604EE9CB1DF8174A00F036C0 /* TZImageManager.m in Sources */ = {isa = PBXBuildFile; fileRef = 604EE9BA1DF8174A00F036C0 /* TZImageManager.m */; };
		604EE9CC1DF8174A00F036C0 /* TZImagePickerController.bundle in Resources */ = {isa = PBXBuildFile; fileRef = 604EE9BB1DF8174A00F036C0 /* TZImagePickerController.bundle */; };
		604EE9CD1DF8174A00F036C0 /* TZImagePickerController.m in Sources */ = {isa = PBXBuildFile; fileRef = 604EE9BD1DF8174A00F036C0 /* TZImagePickerController.m */; };
		604EE9CE1DF8174A00F036C0 /* TZPhotoPickerController.m in Sources */ = {isa = PBXBuildFile; fileRef = 604EE9BF1DF8174A00F036C0 /* TZPhotoPickerController.m */; };
		604EE9CF1DF8174A00F036C0 /* TZPhotoPreviewCell.m in Sources */ = {isa = PBXBuildFile; fileRef = 604EE9C11DF8174A00F036C0 /* TZPhotoPreviewCell.m */; };
		604EE9D01DF8174A00F036C0 /* TZPhotoPreviewController.m in Sources */ = {isa = PBXBuildFile; fileRef = 604EE9C31DF8174A00F036C0 /* TZPhotoPreviewController.m */; };
		604EE9D11DF8174A00F036C0 /* TZVideoPlayerController.m in Sources */ = {isa = PBXBuildFile; fileRef = 604EE9C51DF8174A00F036C0 /* TZVideoPlayerController.m */; };
		604EE9D21DF8174A00F036C0 /* UIView+Layout.m in Sources */ = {isa = PBXBuildFile; fileRef = 604EE9C71DF8174A00F036C0 /* UIView+Layout.m */; };
		604EEA171DF8178300F036C0 /* CLLocation+MPLocation.m in Sources */ = {isa = PBXBuildFile; fileRef = 604EE9D71DF8178300F036C0 /* CLLocation+MPLocation.m */; };
		604EEA181DF8178300F036C0 /* NSArray+Extension.m in Sources */ = {isa = PBXBuildFile; fileRef = 604EE9DA1DF8178300F036C0 /* NSArray+Extension.m */; };
		604EEA191DF8178300F036C0 /* NSAttributedString+Extension.m in Sources */ = {isa = PBXBuildFile; fileRef = 604EE9DD1DF8178300F036C0 /* NSAttributedString+Extension.m */; };
		604EEA1A1DF8178300F036C0 /* NSDate+Extension.m in Sources */ = {isa = PBXBuildFile; fileRef = 604EE9E01DF8178300F036C0 /* NSDate+Extension.m */; };
		604EEA1B1DF8178300F036C0 /* NSObject+Extension.m in Sources */ = {isa = PBXBuildFile; fileRef = 604EE9E31DF8178300F036C0 /* NSObject+Extension.m */; };
		604EEA1C1DF8178300F036C0 /* NSString+ZZExtension.m in Sources */ = {isa = PBXBuildFile; fileRef = 604EE9E61DF8178300F036C0 /* NSString+ZZExtension.m */; };
		604EEA1D1DF8178300F036C0 /* UIAlertView+Extension.m in Sources */ = {isa = PBXBuildFile; fileRef = 604EE9E91DF8178300F036C0 /* UIAlertView+Extension.m */; };
		604EEA1E1DF8178300F036C0 /* UIButton+Extension.m in Sources */ = {isa = PBXBuildFile; fileRef = 604EE9EC1DF8178300F036C0 /* UIButton+Extension.m */; };
		604EEA1F1DF8178300F036C0 /* UIColor+Extension.m in Sources */ = {isa = PBXBuildFile; fileRef = 604EE9EF1DF8178300F036C0 /* UIColor+Extension.m */; };
		604EEA201DF8178300F036C0 /* UIDevice+Extension.m in Sources */ = {isa = PBXBuildFile; fileRef = 604EE9F21DF8178300F036C0 /* UIDevice+Extension.m */; };
		604EEA211DF8178300F036C0 /* UIImage+ZZExtension.m in Sources */ = {isa = PBXBuildFile; fileRef = 604EE9F51DF8178300F036C0 /* UIImage+ZZExtension.m */; };
		604EEA221DF8178300F036C0 /* UILabel+Extension.m in Sources */ = {isa = PBXBuildFile; fileRef = 604EE9F81DF8178300F036C0 /* UILabel+Extension.m */; };
		604EEA231DF8178300F036C0 /* UINavigationController+Extension.m in Sources */ = {isa = PBXBuildFile; fileRef = 604EE9FB1DF8178300F036C0 /* UINavigationController+Extension.m */; };
		604EEA241DF8178300F036C0 /* UIScrollView+Extension.m in Sources */ = {isa = PBXBuildFile; fileRef = 604EE9FE1DF8178300F036C0 /* UIScrollView+Extension.m */; };
		604EEA251DF8178300F036C0 /* UITextField+Extension.m in Sources */ = {isa = PBXBuildFile; fileRef = 604EEA011DF8178300F036C0 /* UITextField+Extension.m */; };
		604EEA261DF8178300F036C0 /* UITextView+Extension.m in Sources */ = {isa = PBXBuildFile; fileRef = 604EEA041DF8178300F036C0 /* UITextView+Extension.m */; };
		604EEA271DF8178300F036C0 /* UINavigationController+Extension.m in Sources */ = {isa = PBXBuildFile; fileRef = 604EEA081DF8178300F036C0 /* UINavigationController+Extension.m */; };
		604EEA281DF8178300F036C0 /* UIView+Extension.m in Sources */ = {isa = PBXBuildFile; fileRef = 604EEA0A1DF8178300F036C0 /* UIView+Extension.m */; };
		604EEA291DF8178300F036C0 /* UIViewController+Extension.m in Sources */ = {isa = PBXBuildFile; fileRef = 604EEA0D1DF8178300F036C0 /* UIViewController+Extension.m */; };
		604EEA2A1DF8178300F036C0 /* UIViewController+Extension.m in Sources */ = {isa = PBXBuildFile; fileRef = 604EEA101DF8178300F036C0 /* UIViewController+Extension.m */; };
		60B9DD071DF6ADAC00D64464 /* AddressPickerView.m in Sources */ = {isa = PBXBuildFile; fileRef = 60B9DD061DF6ADAC00D64464 /* AddressPickerView.m */; };
		60B9DD0A1DF6ADE100D64464 /* AddressModel.m in Sources */ = {isa = PBXBuildFile; fileRef = 60B9DD091DF6ADE100D64464 /* AddressModel.m */; };
		60B9DD0D1DF6AE2900D64464 /* address.json in Resources */ = {isa = PBXBuildFile; fileRef = 60B9DD0B1DF6AE2900D64464 /* address.json */; };
		60B9DD0E1DF6AE2900D64464 /* Province.json in Resources */ = {isa = PBXBuildFile; fileRef = 60B9DD0C1DF6AE2900D64464 /* Province.json */; };
		60B9DD121DF6B68F00D64464 /* CustomSwitch.m in Sources */ = {isa = PBXBuildFile; fileRef = 60B9DD111DF6B68F00D64464 /* CustomSwitch.m */; };
		60B9DD151DF6B70100D64464 /* TagBtnsView.m in Sources */ = {isa = PBXBuildFile; fileRef = 60B9DD141DF6B70100D64464 /* TagBtnsView.m */; };
/* End PBXBuildFile section */

/* Begin PBXFileReference section */
		2718B76B1DC0B1360078B04E /* ZZTools.app */ = {isa = PBXFileReference; explicitFileType = wrapper.application; includeInIndex = 0; path = ZZTools.app; sourceTree = BUILT_PRODUCTS_DIR; };
		2718B76F1DC0B1360078B04E /* main.m */ = {isa = PBXFileReference; lastKnownFileType = sourcecode.c.objc; path = main.m; sourceTree = "<group>"; };
		2718B7711DC0B1360078B04E /* AppDelegate.h */ = {isa = PBXFileReference; lastKnownFileType = sourcecode.c.h; path = AppDelegate.h; sourceTree = "<group>"; };
		2718B7721DC0B1360078B04E /* AppDelegate.m */ = {isa = PBXFileReference; lastKnownFileType = sourcecode.c.objc; path = AppDelegate.m; sourceTree = "<group>"; };
		2718B7741DC0B1360078B04E /* ViewController.h */ = {isa = PBXFileReference; lastKnownFileType = sourcecode.c.h; path = ViewController.h; sourceTree = "<group>"; };
		2718B7751DC0B1360078B04E /* ViewController.m */ = {isa = PBXFileReference; lastKnownFileType = sourcecode.c.objc; path = ViewController.m; sourceTree = "<group>"; };
		2718B7781DC0B1360078B04E /* Base */ = {isa = PBXFileReference; lastKnownFileType = file.storyboard; name = Base; path = Base.lproj/Main.storyboard; sourceTree = "<group>"; };
		2718B77A1DC0B1360078B04E /* Assets.xcassets */ = {isa = PBXFileReference; lastKnownFileType = folder.assetcatalog; path = Assets.xcassets; sourceTree = "<group>"; };
		2718B77D1DC0B1360078B04E /* Base */ = {isa = PBXFileReference; lastKnownFileType = file.storyboard; name = Base; path = Base.lproj/LaunchScreen.storyboard; sourceTree = "<group>"; };
		2718B77F1DC0B1360078B04E /* Info.plist */ = {isa = PBXFileReference; lastKnownFileType = text.plist.xml; path = Info.plist; sourceTree = "<group>"; };
		2718B7851DC0B1AE0078B04E /* ZZFileDataHandle.h */ = {isa = PBXFileReference; fileEncoding = 4; lastKnownFileType = sourcecode.c.h; path = ZZFileDataHandle.h; sourceTree = "<group>"; };
		2718B7861DC0B1AE0078B04E /* ZZFileDataHandle.m */ = {isa = PBXFileReference; fileEncoding = 4; lastKnownFileType = sourcecode.c.objc; path = ZZFileDataHandle.m; sourceTree = "<group>"; };
		2718B7881DC0B3470078B04E /* Singleton.h */ = {isa = PBXFileReference; fileEncoding = 4; lastKnownFileType = sourcecode.c.h; path = Singleton.h; sourceTree = "<group>"; };
		2718B7891DC0B5C90078B04E /* ZZMBProgressManager.h */ = {isa = PBXFileReference; fileEncoding = 4; lastKnownFileType = sourcecode.c.h; path = ZZMBProgressManager.h; sourceTree = "<group>"; };
		2718B78A1DC0B5C90078B04E /* ZZMBProgressManager.m */ = {isa = PBXFileReference; fileEncoding = 4; lastKnownFileType = sourcecode.c.objc; path = ZZMBProgressManager.m; sourceTree = "<group>"; };
		2718B78F1DC0BACE0078B04E /* ZZAFNetworkingManager.h */ = {isa = PBXFileReference; fileEncoding = 4; lastKnownFileType = sourcecode.c.h; path = ZZAFNetworkingManager.h; sourceTree = "<group>"; };
		2718B7901DC0BACE0078B04E /* ZZAFNetworkingManager.m */ = {isa = PBXFileReference; fileEncoding = 4; lastKnownFileType = sourcecode.c.objc; path = ZZAFNetworkingManager.m; sourceTree = "<group>"; };
		6024E1D71DC1DC1B008BA1A5 /* ZZCustomAlertView.h */ = {isa = PBXFileReference; fileEncoding = 4; lastKnownFileType = sourcecode.c.h; path = ZZCustomAlertView.h; sourceTree = "<group>"; };
		6024E1D81DC1DC1B008BA1A5 /* ZZCustomAlertView.m */ = {isa = PBXFileReference; fileEncoding = 4; lastKnownFileType = sourcecode.c.objc; path = ZZCustomAlertView.m; sourceTree = "<group>"; };
		603948491DF690F8000FAABD /* CodeButton.h */ = {isa = PBXFileReference; fileEncoding = 4; lastKnownFileType = sourcecode.c.h; path = CodeButton.h; sourceTree = "<group>"; };
		6039484A1DF690F8000FAABD /* CodeButton.m */ = {isa = PBXFileReference; fileEncoding = 4; lastKnownFileType = sourcecode.c.objc; path = CodeButton.m; sourceTree = "<group>"; };
		6039484C1DF69138000FAABD /* CustomButton.h */ = {isa = PBXFileReference; fileEncoding = 4; lastKnownFileType = sourcecode.c.h; path = CustomButton.h; sourceTree = "<group>"; };
		6039484D1DF69138000FAABD /* CustomButton.m */ = {isa = PBXFileReference; fileEncoding = 4; lastKnownFileType = sourcecode.c.objc; path = CustomButton.m; sourceTree = "<group>"; };
		603948D41DF69A6B000FAABD /* PrefixHeader.pch */ = {isa = PBXFileReference; lastKnownFileType = sourcecode.c.h; path = PrefixHeader.pch; sourceTree = "<group>"; };
		603948DB1DF6A06A000FAABD /* ButtonsView.h */ = {isa = PBXFileReference; fileEncoding = 4; lastKnownFileType = sourcecode.c.h; path = ButtonsView.h; sourceTree = "<group>"; };
		603948DC1DF6A06A000FAABD /* ButtonsView.m */ = {isa = PBXFileReference; fileEncoding = 4; lastKnownFileType = sourcecode.c.objc; path = ButtonsView.m; sourceTree = "<group>"; };
		603948DF1DF6A0FD000FAABD /* ZZToolsHeader.h */ = {isa = PBXFileReference; lastKnownFileType = sourcecode.c.h; path = ZZToolsHeader.h; sourceTree = "<group>"; };
		603948ED1DF6A504000FAABD /* AdvertiseHelper.h */ = {isa = PBXFileReference; fileEncoding = 4; lastKnownFileType = sourcecode.c.h; path = AdvertiseHelper.h; sourceTree = "<group>"; };
		603948EE1DF6A504000FAABD /* AdvertiseHelper.m */ = {isa = PBXFileReference; fileEncoding = 4; lastKnownFileType = sourcecode.c.objc; path = AdvertiseHelper.m; sourceTree = "<group>"; };
		603948EF1DF6A504000FAABD /* AdvertiseView.h */ = {isa = PBXFileReference; fileEncoding = 4; lastKnownFileType = sourcecode.c.h; path = AdvertiseView.h; sourceTree = "<group>"; };
		603948F01DF6A504000FAABD /* AdvertiseView.m */ = {isa = PBXFileReference; fileEncoding = 4; lastKnownFileType = sourcecode.c.objc; path = AdvertiseView.m; sourceTree = "<group>"; };
		603948F21DF6A504000FAABD /* GuidePagesHelper.h */ = {isa = PBXFileReference; fileEncoding = 4; lastKnownFileType = sourcecode.c.h; path = GuidePagesHelper.h; sourceTree = "<group>"; };
		603948F31DF6A504000FAABD /* GuidePagesHelper.m */ = {isa = PBXFileReference; fileEncoding = 4; lastKnownFileType = sourcecode.c.objc; path = GuidePagesHelper.m; sourceTree = "<group>"; };
		603948F41DF6A504000FAABD /* GuidePagesView.h */ = {isa = PBXFileReference; fileEncoding = 4; lastKnownFileType = sourcecode.c.h; path = GuidePagesView.h; sourceTree = "<group>"; };
		603948F51DF6A504000FAABD /* GuidePagesView.m */ = {isa = PBXFileReference; fileEncoding = 4; lastKnownFileType = sourcecode.c.objc; path = GuidePagesView.m; sourceTree = "<group>"; };
		603948FC1DF6A75E000FAABD /* DatePickerView.h */ = {isa = PBXFileReference; fileEncoding = 4; lastKnownFileType = sourcecode.c.h; path = DatePickerView.h; sourceTree = "<group>"; };
		603948FD1DF6A75E000FAABD /* DatePickerView.m */ = {isa = PBXFileReference; fileEncoding = 4; lastKnownFileType = sourcecode.c.objc; path = DatePickerView.m; sourceTree = "<group>"; };
		604EE9AC1DF8172F00F036C0 /* PhotosCollectionView.h */ = {isa = PBXFileReference; fileEncoding = 4; lastKnownFileType = sourcecode.c.h; path = PhotosCollectionView.h; sourceTree = "<group>"; };
		604EE9AD1DF8172F00F036C0 /* PhotosCollectionView.m */ = {isa = PBXFileReference; fileEncoding = 4; lastKnownFileType = sourcecode.c.objc; path = PhotosCollectionView.m; sourceTree = "<group>"; };
		604EE9AE1DF8172F00F036C0 /* PhotosCollectionViewCell.h */ = {isa = PBXFileReference; fileEncoding = 4; lastKnownFileType = sourcecode.c.h; path = PhotosCollectionViewCell.h; sourceTree = "<group>"; };
		604EE9AF1DF8172F00F036C0 /* PhotosCollectionViewCell.m */ = {isa = PBXFileReference; fileEncoding = 4; lastKnownFileType = sourcecode.c.objc; path = PhotosCollectionViewCell.m; sourceTree = "<group>"; };
		604EE9B31DF8174A00F036C0 /* NSBundle+TZImagePicker.h */ = {isa = PBXFileReference; fileEncoding = 4; lastKnownFileType = sourcecode.c.h; path = "NSBundle+TZImagePicker.h"; sourceTree = "<group>"; };
		604EE9B41DF8174A00F036C0 /* NSBundle+TZImagePicker.m */ = {isa = PBXFileReference; fileEncoding = 4; lastKnownFileType = sourcecode.c.objc; path = "NSBundle+TZImagePicker.m"; sourceTree = "<group>"; };
		604EE9B51DF8174A00F036C0 /* TZAssetCell.h */ = {isa = PBXFileReference; fileEncoding = 4; lastKnownFileType = sourcecode.c.h; path = TZAssetCell.h; sourceTree = "<group>"; };
		604EE9B61DF8174A00F036C0 /* TZAssetCell.m */ = {isa = PBXFileReference; fileEncoding = 4; lastKnownFileType = sourcecode.c.objc; path = TZAssetCell.m; sourceTree = "<group>"; };
		604EE9B71DF8174A00F036C0 /* TZAssetModel.h */ = {isa = PBXFileReference; fileEncoding = 4; lastKnownFileType = sourcecode.c.h; path = TZAssetModel.h; sourceTree = "<group>"; };
		604EE9B81DF8174A00F036C0 /* TZAssetModel.m */ = {isa = PBXFileReference; fileEncoding = 4; lastKnownFileType = sourcecode.c.objc; path = TZAssetModel.m; sourceTree = "<group>"; };
		604EE9B91DF8174A00F036C0 /* TZImageManager.h */ = {isa = PBXFileReference; fileEncoding = 4; lastKnownFileType = sourcecode.c.h; path = TZImageManager.h; sourceTree = "<group>"; };
		604EE9BA1DF8174A00F036C0 /* TZImageManager.m */ = {isa = PBXFileReference; fileEncoding = 4; lastKnownFileType = sourcecode.c.objc; path = TZImageManager.m; sourceTree = "<group>"; };
		604EE9BB1DF8174A00F036C0 /* TZImagePickerController.bundle */ = {isa = PBXFileReference; lastKnownFileType = "wrapper.plug-in"; path = TZImagePickerController.bundle; sourceTree = "<group>"; };
		604EE9BC1DF8174A00F036C0 /* TZImagePickerController.h */ = {isa = PBXFileReference; fileEncoding = 4; lastKnownFileType = sourcecode.c.h; path = TZImagePickerController.h; sourceTree = "<group>"; };
		604EE9BD1DF8174A00F036C0 /* TZImagePickerController.m */ = {isa = PBXFileReference; fileEncoding = 4; lastKnownFileType = sourcecode.c.objc; path = TZImagePickerController.m; sourceTree = "<group>"; };
		604EE9BE1DF8174A00F036C0 /* TZPhotoPickerController.h */ = {isa = PBXFileReference; fileEncoding = 4; lastKnownFileType = sourcecode.c.h; path = TZPhotoPickerController.h; sourceTree = "<group>"; };
		604EE9BF1DF8174A00F036C0 /* TZPhotoPickerController.m */ = {isa = PBXFileReference; fileEncoding = 4; lastKnownFileType = sourcecode.c.objc; path = TZPhotoPickerController.m; sourceTree = "<group>"; };
		604EE9C01DF8174A00F036C0 /* TZPhotoPreviewCell.h */ = {isa = PBXFileReference; fileEncoding = 4; lastKnownFileType = sourcecode.c.h; path = TZPhotoPreviewCell.h; sourceTree = "<group>"; };
		604EE9C11DF8174A00F036C0 /* TZPhotoPreviewCell.m */ = {isa = PBXFileReference; fileEncoding = 4; lastKnownFileType = sourcecode.c.objc; path = TZPhotoPreviewCell.m; sourceTree = "<group>"; };
		604EE9C21DF8174A00F036C0 /* TZPhotoPreviewController.h */ = {isa = PBXFileReference; fileEncoding = 4; lastKnownFileType = sourcecode.c.h; path = TZPhotoPreviewController.h; sourceTree = "<group>"; };
		604EE9C31DF8174A00F036C0 /* TZPhotoPreviewController.m */ = {isa = PBXFileReference; fileEncoding = 4; lastKnownFileType = sourcecode.c.objc; path = TZPhotoPreviewController.m; sourceTree = "<group>"; };
		604EE9C41DF8174A00F036C0 /* TZVideoPlayerController.h */ = {isa = PBXFileReference; fileEncoding = 4; lastKnownFileType = sourcecode.c.h; path = TZVideoPlayerController.h; sourceTree = "<group>"; };
		604EE9C51DF8174A00F036C0 /* TZVideoPlayerController.m */ = {isa = PBXFileReference; fileEncoding = 4; lastKnownFileType = sourcecode.c.objc; path = TZVideoPlayerController.m; sourceTree = "<group>"; };
		604EE9C61DF8174A00F036C0 /* UIView+Layout.h */ = {isa = PBXFileReference; fileEncoding = 4; lastKnownFileType = sourcecode.c.h; path = "UIView+Layout.h"; sourceTree = "<group>"; };
		604EE9C71DF8174A00F036C0 /* UIView+Layout.m */ = {isa = PBXFileReference; fileEncoding = 4; lastKnownFileType = sourcecode.c.objc; path = "UIView+Layout.m"; sourceTree = "<group>"; };
		604EE9D61DF8178300F036C0 /* CLLocation+MPLocation.h */ = {isa = PBXFileReference; fileEncoding = 4; lastKnownFileType = sourcecode.c.h; path = "CLLocation+MPLocation.h"; sourceTree = "<group>"; };
		604EE9D71DF8178300F036C0 /* CLLocation+MPLocation.m */ = {isa = PBXFileReference; fileEncoding = 4; lastKnownFileType = sourcecode.c.objc; path = "CLLocation+MPLocation.m"; sourceTree = "<group>"; };
		604EE9D91DF8178300F036C0 /* NSArray+Extension.h */ = {isa = PBXFileReference; fileEncoding = 4; lastKnownFileType = sourcecode.c.h; path = "NSArray+Extension.h"; sourceTree = "<group>"; };
		604EE9DA1DF8178300F036C0 /* NSArray+Extension.m */ = {isa = PBXFileReference; fileEncoding = 4; lastKnownFileType = sourcecode.c.objc; path = "NSArray+Extension.m"; sourceTree = "<group>"; };
		604EE9DC1DF8178300F036C0 /* NSAttributedString+Extension.h */ = {isa = PBXFileReference; fileEncoding = 4; lastKnownFileType = sourcecode.c.h; path = "NSAttributedString+Extension.h"; sourceTree = "<group>"; };
		604EE9DD1DF8178300F036C0 /* NSAttributedString+Extension.m */ = {isa = PBXFileReference; fileEncoding = 4; lastKnownFileType = sourcecode.c.objc; path = "NSAttributedString+Extension.m"; sourceTree = "<group>"; };
		604EE9DF1DF8178300F036C0 /* NSDate+Extension.h */ = {isa = PBXFileReference; fileEncoding = 4; lastKnownFileType = sourcecode.c.h; path = "NSDate+Extension.h"; sourceTree = "<group>"; };
		604EE9E01DF8178300F036C0 /* NSDate+Extension.m */ = {isa = PBXFileReference; fileEncoding = 4; lastKnownFileType = sourcecode.c.objc; path = "NSDate+Extension.m"; sourceTree = "<group>"; };
		604EE9E21DF8178300F036C0 /* NSObject+Extension.h */ = {isa = PBXFileReference; fileEncoding = 4; lastKnownFileType = sourcecode.c.h; path = "NSObject+Extension.h"; sourceTree = "<group>"; };
		604EE9E31DF8178300F036C0 /* NSObject+Extension.m */ = {isa = PBXFileReference; fileEncoding = 4; lastKnownFileType = sourcecode.c.objc; path = "NSObject+Extension.m"; sourceTree = "<group>"; };
		604EE9E51DF8178300F036C0 /* NSString+ZZExtension.h */ = {isa = PBXFileReference; fileEncoding = 4; lastKnownFileType = sourcecode.c.h; path = "NSString+ZZExtension.h"; sourceTree = "<group>"; };
		604EE9E61DF8178300F036C0 /* NSString+ZZExtension.m */ = {isa = PBXFileReference; fileEncoding = 4; lastKnownFileType = sourcecode.c.objc; path = "NSString+ZZExtension.m"; sourceTree = "<group>"; };
		604EE9E81DF8178300F036C0 /* UIAlertView+Extension.h */ = {isa = PBXFileReference; fileEncoding = 4; lastKnownFileType = sourcecode.c.h; path = "UIAlertView+Extension.h"; sourceTree = "<group>"; };
		604EE9E91DF8178300F036C0 /* UIAlertView+Extension.m */ = {isa = PBXFileReference; fileEncoding = 4; lastKnownFileType = sourcecode.c.objc; path = "UIAlertView+Extension.m"; sourceTree = "<group>"; };
		604EE9EB1DF8178300F036C0 /* UIButton+Extension.h */ = {isa = PBXFileReference; fileEncoding = 4; lastKnownFileType = sourcecode.c.h; path = "UIButton+Extension.h"; sourceTree = "<group>"; };
		604EE9EC1DF8178300F036C0 /* UIButton+Extension.m */ = {isa = PBXFileReference; fileEncoding = 4; lastKnownFileType = sourcecode.c.objc; path = "UIButton+Extension.m"; sourceTree = "<group>"; };
		604EE9EE1DF8178300F036C0 /* UIColor+Extension.h */ = {isa = PBXFileReference; fileEncoding = 4; lastKnownFileType = sourcecode.c.h; path = "UIColor+Extension.h"; sourceTree = "<group>"; };
		604EE9EF1DF8178300F036C0 /* UIColor+Extension.m */ = {isa = PBXFileReference; fileEncoding = 4; lastKnownFileType = sourcecode.c.objc; path = "UIColor+Extension.m"; sourceTree = "<group>"; };
		604EE9F11DF8178300F036C0 /* UIDevice+Extension.h */ = {isa = PBXFileReference; fileEncoding = 4; lastKnownFileType = sourcecode.c.h; path = "UIDevice+Extension.h"; sourceTree = "<group>"; };
		604EE9F21DF8178300F036C0 /* UIDevice+Extension.m */ = {isa = PBXFileReference; fileEncoding = 4; lastKnownFileType = sourcecode.c.objc; path = "UIDevice+Extension.m"; sourceTree = "<group>"; };
		604EE9F41DF8178300F036C0 /* UIImage+ZZExtension.h */ = {isa = PBXFileReference; fileEncoding = 4; lastKnownFileType = sourcecode.c.h; path = "UIImage+ZZExtension.h"; sourceTree = "<group>"; };
		604EE9F51DF8178300F036C0 /* UIImage+ZZExtension.m */ = {isa = PBXFileReference; fileEncoding = 4; lastKnownFileType = sourcecode.c.objc; path = "UIImage+ZZExtension.m"; sourceTree = "<group>"; };
		604EE9F71DF8178300F036C0 /* UILabel+Extension.h */ = {isa = PBXFileReference; fileEncoding = 4; lastKnownFileType = sourcecode.c.h; path = "UILabel+Extension.h"; sourceTree = "<group>"; };
		604EE9F81DF8178300F036C0 /* UILabel+Extension.m */ = {isa = PBXFileReference; fileEncoding = 4; lastKnownFileType = sourcecode.c.objc; path = "UILabel+Extension.m"; sourceTree = "<group>"; };
		604EE9FA1DF8178300F036C0 /* UINavigationController+Extension.h */ = {isa = PBXFileReference; fileEncoding = 4; lastKnownFileType = sourcecode.c.h; path = "UINavigationController+Extension.h"; sourceTree = "<group>"; };
		604EE9FB1DF8178300F036C0 /* UINavigationController+Extension.m */ = {isa = PBXFileReference; fileEncoding = 4; lastKnownFileType = sourcecode.c.objc; path = "UINavigationController+Extension.m"; sourceTree = "<group>"; };
		604EE9FD1DF8178300F036C0 /* UIScrollView+Extension.h */ = {isa = PBXFileReference; fileEncoding = 4; lastKnownFileType = sourcecode.c.h; path = "UIScrollView+Extension.h"; sourceTree = "<group>"; };
		604EE9FE1DF8178300F036C0 /* UIScrollView+Extension.m */ = {isa = PBXFileReference; fileEncoding = 4; lastKnownFileType = sourcecode.c.objc; path = "UIScrollView+Extension.m"; sourceTree = "<group>"; };
		604EEA001DF8178300F036C0 /* UITextField+Extension.h */ = {isa = PBXFileReference; fileEncoding = 4; lastKnownFileType = sourcecode.c.h; path = "UITextField+Extension.h"; sourceTree = "<group>"; };
		604EEA011DF8178300F036C0 /* UITextField+Extension.m */ = {isa = PBXFileReference; fileEncoding = 4; lastKnownFileType = sourcecode.c.objc; path = "UITextField+Extension.m"; sourceTree = "<group>"; };
		604EEA031DF8178300F036C0 /* UITextView+Extension.h */ = {isa = PBXFileReference; fileEncoding = 4; lastKnownFileType = sourcecode.c.h; path = "UITextView+Extension.h"; sourceTree = "<group>"; };
		604EEA041DF8178300F036C0 /* UITextView+Extension.m */ = {isa = PBXFileReference; fileEncoding = 4; lastKnownFileType = sourcecode.c.objc; path = "UITextView+Extension.m"; sourceTree = "<group>"; };
		604EEA071DF8178300F036C0 /* UINavigationController+Extension.h */ = {isa = PBXFileReference; fileEncoding = 4; lastKnownFileType = sourcecode.c.h; path = "UINavigationController+Extension.h"; sourceTree = "<group>"; };
		604EEA081DF8178300F036C0 /* UINavigationController+Extension.m */ = {isa = PBXFileReference; fileEncoding = 4; lastKnownFileType = sourcecode.c.objc; path = "UINavigationController+Extension.m"; sourceTree = "<group>"; };
		604EEA091DF8178300F036C0 /* UIView+Extension.h */ = {isa = PBXFileReference; fileEncoding = 4; lastKnownFileType = sourcecode.c.h; path = "UIView+Extension.h"; sourceTree = "<group>"; };
		604EEA0A1DF8178300F036C0 /* UIView+Extension.m */ = {isa = PBXFileReference; fileEncoding = 4; lastKnownFileType = sourcecode.c.objc; path = "UIView+Extension.m"; sourceTree = "<group>"; };
		604EEA0C1DF8178300F036C0 /* UIViewController+Extension.h */ = {isa = PBXFileReference; fileEncoding = 4; lastKnownFileType = sourcecode.c.h; path = "UIViewController+Extension.h"; sourceTree = "<group>"; };
		604EEA0D1DF8178300F036C0 /* UIViewController+Extension.m */ = {isa = PBXFileReference; fileEncoding = 4; lastKnownFileType = sourcecode.c.objc; path = "UIViewController+Extension.m"; sourceTree = "<group>"; };
		604EEA0F1DF8178300F036C0 /* UIViewController+Extension.h */ = {isa = PBXFileReference; fileEncoding = 4; lastKnownFileType = sourcecode.c.h; path = "UIViewController+Extension.h"; sourceTree = "<group>"; };
		604EEA101DF8178300F036C0 /* UIViewController+Extension.m */ = {isa = PBXFileReference; fileEncoding = 4; lastKnownFileType = sourcecode.c.objc; path = "UIViewController+Extension.m"; sourceTree = "<group>"; };
		604EEA111DF8178300F036C0 /* ZZHeader.h */ = {isa = PBXFileReference; fileEncoding = 4; lastKnownFileType = sourcecode.c.h; path = ZZHeader.h; sourceTree = "<group>"; };
		604EEA131DF8178300F036C0 /* Color.h */ = {isa = PBXFileReference; fileEncoding = 4; lastKnownFileType = sourcecode.c.h; path = Color.h; sourceTree = "<group>"; };
		604EEA141DF8178300F036C0 /* Font.h */ = {isa = PBXFileReference; fileEncoding = 4; lastKnownFileType = sourcecode.c.h; path = Font.h; sourceTree = "<group>"; };
		604EEA151DF8178300F036C0 /* Layout.h */ = {isa = PBXFileReference; fileEncoding = 4; lastKnownFileType = sourcecode.c.h; path = Layout.h; sourceTree = "<group>"; };
		604EEA161DF8178300F036C0 /* Tools.h */ = {isa = PBXFileReference; fileEncoding = 4; lastKnownFileType = sourcecode.c.h; path = Tools.h; sourceTree = "<group>"; };
		60B9DD051DF6ADAC00D64464 /* AddressPickerView.h */ = {isa = PBXFileReference; fileEncoding = 4; lastKnownFileType = sourcecode.c.h; path = AddressPickerView.h; sourceTree = "<group>"; };
		60B9DD061DF6ADAC00D64464 /* AddressPickerView.m */ = {isa = PBXFileReference; fileEncoding = 4; lastKnownFileType = sourcecode.c.objc; path = AddressPickerView.m; sourceTree = "<group>"; };
		60B9DD081DF6ADE100D64464 /* AddressModel.h */ = {isa = PBXFileReference; fileEncoding = 4; lastKnownFileType = sourcecode.c.h; path = AddressModel.h; sourceTree = "<group>"; };
		60B9DD091DF6ADE100D64464 /* AddressModel.m */ = {isa = PBXFileReference; fileEncoding = 4; lastKnownFileType = sourcecode.c.objc; path = AddressModel.m; sourceTree = "<group>"; };
		60B9DD0B1DF6AE2900D64464 /* address.json */ = {isa = PBXFileReference; fileEncoding = 4; lastKnownFileType = text.json; path = address.json; sourceTree = "<group>"; };
		60B9DD0C1DF6AE2900D64464 /* Province.json */ = {isa = PBXFileReference; fileEncoding = 4; lastKnownFileType = text.json; path = Province.json; sourceTree = "<group>"; };
		60B9DD101DF6B68F00D64464 /* CustomSwitch.h */ = {isa = PBXFileReference; fileEncoding = 4; lastKnownFileType = sourcecode.c.h; path = CustomSwitch.h; sourceTree = "<group>"; };
		60B9DD111DF6B68F00D64464 /* CustomSwitch.m */ = {isa = PBXFileReference; fileEncoding = 4; lastKnownFileType = sourcecode.c.objc; path = CustomSwitch.m; sourceTree = "<group>"; };
		60B9DD131DF6B70100D64464 /* TagBtnsView.h */ = {isa = PBXFileReference; fileEncoding = 4; lastKnownFileType = sourcecode.c.h; path = TagBtnsView.h; sourceTree = "<group>"; };
		60B9DD141DF6B70100D64464 /* TagBtnsView.m */ = {isa = PBXFileReference; fileEncoding = 4; lastKnownFileType = sourcecode.c.objc; path = TagBtnsView.m; sourceTree = "<group>"; };
		61D9D809E97E964F90839E3C /* Pods-ZZTools.release.xcconfig */ = {isa = PBXFileReference; includeInIndex = 1; lastKnownFileType = text.xcconfig; name = "Pods-ZZTools.release.xcconfig"; path = "Pods/Target Support Files/Pods-ZZTools/Pods-ZZTools.release.xcconfig"; sourceTree = "<group>"; };
		AECAB39BF24ED437D5C83BA2 /* Pods-ZZTools.debug.xcconfig */ = {isa = PBXFileReference; includeInIndex = 1; lastKnownFileType = text.xcconfig; name = "Pods-ZZTools.debug.xcconfig"; path = "Pods/Target Support Files/Pods-ZZTools/Pods-ZZTools.debug.xcconfig"; sourceTree = "<group>"; };
		B7F089CEB11ABDA3FABC1046 /* Pods_ZZTools.framework */ = {isa = PBXFileReference; explicitFileType = wrapper.framework; includeInIndex = 0; path = Pods_ZZTools.framework; sourceTree = BUILT_PRODUCTS_DIR; };
/* End PBXFileReference section */

/* Begin PBXFrameworksBuildPhase section */
		2718B7681DC0B1360078B04E /* Frameworks */ = {
			isa = PBXFrameworksBuildPhase;
			buildActionMask = 2147483647;
			files = (
				5980B3C9B67481BCB3F654CC /* Pods_ZZTools.framework in Frameworks */,
			);
			runOnlyForDeploymentPostprocessing = 0;
		};
/* End PBXFrameworksBuildPhase section */

/* Begin PBXGroup section */
		2718B7621DC0B1360078B04E = {
			isa = PBXGroup;
			children = (
				2718B76D1DC0B1360078B04E /* ZZTools */,
				2718B76C1DC0B1360078B04E /* Products */,
				9A2151553F1CF4EBF05D6A3A /* Pods */,
				32D3CE5B51B20EA6178E1EDE /* Frameworks */,
			);
			sourceTree = "<group>";
		};
		2718B76C1DC0B1360078B04E /* Products */ = {
			isa = PBXGroup;
			children = (
				2718B76B1DC0B1360078B04E /* ZZTools.app */,
			);
			name = Products;
			sourceTree = "<group>";
		};
		2718B76D1DC0B1360078B04E /* ZZTools */ = {
			isa = PBXGroup;
			children = (
				604EE9B21DF8174A00F036C0 /* TZImagePickerController */,
				604EE9D31DF8178300F036C0 /* ZZCategory */,
				2718B7711DC0B1360078B04E /* AppDelegate.h */,
				2718B7721DC0B1360078B04E /* AppDelegate.m */,
				2718B7741DC0B1360078B04E /* ViewController.h */,
				2718B7751DC0B1360078B04E /* ViewController.m */,
				2718B7851DC0B1AE0078B04E /* ZZFileDataHandle.h */,
				2718B7861DC0B1AE0078B04E /* ZZFileDataHandle.m */,
				2718B7891DC0B5C90078B04E /* ZZMBProgressManager.h */,
				2718B78A1DC0B5C90078B04E /* ZZMBProgressManager.m */,
				2718B78F1DC0BACE0078B04E /* ZZAFNetworkingManager.h */,
				2718B7901DC0BACE0078B04E /* ZZAFNetworkingManager.m */,
				6024E1D71DC1DC1B008BA1A5 /* ZZCustomAlertView.h */,
				6024E1D81DC1DC1B008BA1A5 /* ZZCustomAlertView.m */,
				603948491DF690F8000FAABD /* CodeButton.h */,
				6039484A1DF690F8000FAABD /* CodeButton.m */,
				6039484C1DF69138000FAABD /* CustomButton.h */,
				6039484D1DF69138000FAABD /* CustomButton.m */,
				603948DB1DF6A06A000FAABD /* ButtonsView.h */,
				603948DC1DF6A06A000FAABD /* ButtonsView.m */,
				60B9DD131DF6B70100D64464 /* TagBtnsView.h */,
				60B9DD141DF6B70100D64464 /* TagBtnsView.m */,
				60B9DD101DF6B68F00D64464 /* CustomSwitch.h */,
				60B9DD111DF6B68F00D64464 /* CustomSwitch.m */,
				604EE9AB1DF8172F00F036C0 /* PhotosCollectionView */,
				603948EC1DF6A504000FAABD /* Advertise */,
				603948F11DF6A504000FAABD /* GuidePages */,
				603948FA1DF6A742000FAABD /* AddressPickerView */,
				603948FB1DF6A742000FAABD /* DatepickerView */,
				2718B7881DC0B3470078B04E /* Singleton.h */,
				603948DF1DF6A0FD000FAABD /* ZZToolsHeader.h */,
				603948D41DF69A6B000FAABD /* PrefixHeader.pch */,
				2718B7771DC0B1360078B04E /* Main.storyboard */,
				2718B77A1DC0B1360078B04E /* Assets.xcassets */,
				2718B77C1DC0B1360078B04E /* LaunchScreen.storyboard */,
				2718B77F1DC0B1360078B04E /* Info.plist */,
				2718B76E1DC0B1360078B04E /* Supporting Files */,
			);
			path = ZZTools;
			sourceTree = "<group>";
		};
		2718B76E1DC0B1360078B04E /* Supporting Files */ = {
			isa = PBXGroup;
			children = (
				2718B76F1DC0B1360078B04E /* main.m */,
			);
			name = "Supporting Files";
			sourceTree = "<group>";
		};
		32D3CE5B51B20EA6178E1EDE /* Frameworks */ = {
			isa = PBXGroup;
			children = (
				B7F089CEB11ABDA3FABC1046 /* Pods_ZZTools.framework */,
			);
			name = Frameworks;
			sourceTree = "<group>";
		};
		603948EC1DF6A504000FAABD /* Advertise */ = {
			isa = PBXGroup;
			children = (
				603948ED1DF6A504000FAABD /* AdvertiseHelper.h */,
				603948EE1DF6A504000FAABD /* AdvertiseHelper.m */,
				603948EF1DF6A504000FAABD /* AdvertiseView.h */,
				603948F01DF6A504000FAABD /* AdvertiseView.m */,
			);
			path = Advertise;
			sourceTree = "<group>";
		};
		603948F11DF6A504000FAABD /* GuidePages */ = {
			isa = PBXGroup;
			children = (
				603948F21DF6A504000FAABD /* GuidePagesHelper.h */,
				603948F31DF6A504000FAABD /* GuidePagesHelper.m */,
				603948F41DF6A504000FAABD /* GuidePagesView.h */,
				603948F51DF6A504000FAABD /* GuidePagesView.m */,
			);
			path = GuidePages;
			sourceTree = "<group>";
		};
		603948FA1DF6A742000FAABD /* AddressPickerView */ = {
			isa = PBXGroup;
			children = (
				60B9DD051DF6ADAC00D64464 /* AddressPickerView.h */,
				60B9DD061DF6ADAC00D64464 /* AddressPickerView.m */,
				60B9DD081DF6ADE100D64464 /* AddressModel.h */,
				60B9DD091DF6ADE100D64464 /* AddressModel.m */,
				60B9DD0B1DF6AE2900D64464 /* address.json */,
				60B9DD0C1DF6AE2900D64464 /* Province.json */,
			);
			path = AddressPickerView;
			sourceTree = "<group>";
		};
		603948FB1DF6A742000FAABD /* DatepickerView */ = {
			isa = PBXGroup;
			children = (
				603948FC1DF6A75E000FAABD /* DatePickerView.h */,
				603948FD1DF6A75E000FAABD /* DatePickerView.m */,
			);
			path = DatepickerView;
			sourceTree = "<group>";
		};
		604EE9AB1DF8172F00F036C0 /* PhotosCollectionView */ = {
			isa = PBXGroup;
			children = (
				604EE9AC1DF8172F00F036C0 /* PhotosCollectionView.h */,
				604EE9AD1DF8172F00F036C0 /* PhotosCollectionView.m */,
				604EE9AE1DF8172F00F036C0 /* PhotosCollectionViewCell.h */,
				604EE9AF1DF8172F00F036C0 /* PhotosCollectionViewCell.m */,
			);
			path = PhotosCollectionView;
			sourceTree = "<group>";
		};
		604EE9B21DF8174A00F036C0 /* TZImagePickerController */ = {
			isa = PBXGroup;
			children = (
				604EE9B31DF8174A00F036C0 /* NSBundle+TZImagePicker.h */,
				604EE9B41DF8174A00F036C0 /* NSBundle+TZImagePicker.m */,
				604EE9B51DF8174A00F036C0 /* TZAssetCell.h */,
				604EE9B61DF8174A00F036C0 /* TZAssetCell.m */,
				604EE9B71DF8174A00F036C0 /* TZAssetModel.h */,
				604EE9B81DF8174A00F036C0 /* TZAssetModel.m */,
				604EE9B91DF8174A00F036C0 /* TZImageManager.h */,
				604EE9BA1DF8174A00F036C0 /* TZImageManager.m */,
				604EE9BB1DF8174A00F036C0 /* TZImagePickerController.bundle */,
				604EE9BC1DF8174A00F036C0 /* TZImagePickerController.h */,
				604EE9BD1DF8174A00F036C0 /* TZImagePickerController.m */,
				604EE9BE1DF8174A00F036C0 /* TZPhotoPickerController.h */,
				604EE9BF1DF8174A00F036C0 /* TZPhotoPickerController.m */,
				604EE9C01DF8174A00F036C0 /* TZPhotoPreviewCell.h */,
				604EE9C11DF8174A00F036C0 /* TZPhotoPreviewCell.m */,
				604EE9C21DF8174A00F036C0 /* TZPhotoPreviewController.h */,
				604EE9C31DF8174A00F036C0 /* TZPhotoPreviewController.m */,
				604EE9C41DF8174A00F036C0 /* TZVideoPlayerController.h */,
				604EE9C51DF8174A00F036C0 /* TZVideoPlayerController.m */,
				604EE9C61DF8174A00F036C0 /* UIView+Layout.h */,
				604EE9C71DF8174A00F036C0 /* UIView+Layout.m */,
			);
			path = TZImagePickerController;
			sourceTree = "<group>";
		};
		604EE9D31DF8178300F036C0 /* ZZCategory */ = {
			isa = PBXGroup;
			children = (
				604EE9D41DF8178300F036C0 /* ZZCategory */,
				604EEA111DF8178300F036C0 /* ZZHeader.h */,
				604EEA121DF8178300F036C0 /* ZZMacro */,
			);
			path = ZZCategory;
			sourceTree = "<group>";
		};
		604EE9D41DF8178300F036C0 /* ZZCategory */ = {
			isa = PBXGroup;
			children = (
				604EE9D51DF8178300F036C0 /* CLLocation */,
				604EE9D81DF8178300F036C0 /* NSArray */,
				604EE9DB1DF8178300F036C0 /* NSAttributedString */,
				604EE9DE1DF8178300F036C0 /* NSDate */,
				604EE9E11DF8178300F036C0 /* NSObject */,
				604EE9E41DF8178300F036C0 /* NSString */,
				604EE9E71DF8178300F036C0 /* UIAlertView */,
				604EE9EA1DF8178300F036C0 /* UIButton */,
				604EE9ED1DF8178300F036C0 /* UIColor */,
				604EE9F01DF8178300F036C0 /* UIDevice */,
				604EE9F31DF8178300F036C0 /* UIImage */,
				604EE9F61DF8178300F036C0 /* UILabel */,
				604EE9F91DF8178300F036C0 /* UINavigationController */,
				604EE9FC1DF8178300F036C0 /* UIScrollView */,
				604EE9FF1DF8178300F036C0 /* UITextField */,
				604EEA021DF8178300F036C0 /* UITextView */,
				604EEA051DF8178300F036C0 /* UIView */,
				604EEA0E1DF8178300F036C0 /* UIViewController */,
			);
			path = ZZCategory;
			sourceTree = "<group>";
		};
		604EE9D51DF8178300F036C0 /* CLLocation */ = {
			isa = PBXGroup;
			children = (
				604EE9D61DF8178300F036C0 /* CLLocation+MPLocation.h */,
				604EE9D71DF8178300F036C0 /* CLLocation+MPLocation.m */,
			);
			path = CLLocation;
			sourceTree = "<group>";
		};
		604EE9D81DF8178300F036C0 /* NSArray */ = {
			isa = PBXGroup;
			children = (
				604EE9D91DF8178300F036C0 /* NSArray+Extension.h */,
				604EE9DA1DF8178300F036C0 /* NSArray+Extension.m */,
			);
			path = NSArray;
			sourceTree = "<group>";
		};
		604EE9DB1DF8178300F036C0 /* NSAttributedString */ = {
			isa = PBXGroup;
			children = (
				604EE9DC1DF8178300F036C0 /* NSAttributedString+Extension.h */,
				604EE9DD1DF8178300F036C0 /* NSAttributedString+Extension.m */,
			);
			path = NSAttributedString;
			sourceTree = "<group>";
		};
		604EE9DE1DF8178300F036C0 /* NSDate */ = {
			isa = PBXGroup;
			children = (
				604EE9DF1DF8178300F036C0 /* NSDate+Extension.h */,
				604EE9E01DF8178300F036C0 /* NSDate+Extension.m */,
			);
			path = NSDate;
			sourceTree = "<group>";
		};
		604EE9E11DF8178300F036C0 /* NSObject */ = {
			isa = PBXGroup;
			children = (
				604EE9E21DF8178300F036C0 /* NSObject+Extension.h */,
				604EE9E31DF8178300F036C0 /* NSObject+Extension.m */,
			);
			path = NSObject;
			sourceTree = "<group>";
		};
		604EE9E41DF8178300F036C0 /* NSString */ = {
			isa = PBXGroup;
			children = (
				604EE9E51DF8178300F036C0 /* NSString+ZZExtension.h */,
				604EE9E61DF8178300F036C0 /* NSString+ZZExtension.m */,
			);
			path = NSString;
			sourceTree = "<group>";
		};
		604EE9E71DF8178300F036C0 /* UIAlertView */ = {
			isa = PBXGroup;
			children = (
				604EE9E81DF8178300F036C0 /* UIAlertView+Extension.h */,
				604EE9E91DF8178300F036C0 /* UIAlertView+Extension.m */,
			);
			path = UIAlertView;
			sourceTree = "<group>";
		};
		604EE9EA1DF8178300F036C0 /* UIButton */ = {
			isa = PBXGroup;
			children = (
				604EE9EB1DF8178300F036C0 /* UIButton+Extension.h */,
				604EE9EC1DF8178300F036C0 /* UIButton+Extension.m */,
			);
			path = UIButton;
			sourceTree = "<group>";
		};
		604EE9ED1DF8178300F036C0 /* UIColor */ = {
			isa = PBXGroup;
			children = (
				604EE9EE1DF8178300F036C0 /* UIColor+Extension.h */,
				604EE9EF1DF8178300F036C0 /* UIColor+Extension.m */,
			);
			path = UIColor;
			sourceTree = "<group>";
		};
		604EE9F01DF8178300F036C0 /* UIDevice */ = {
			isa = PBXGroup;
			children = (
				604EE9F11DF8178300F036C0 /* UIDevice+Extension.h */,
				604EE9F21DF8178300F036C0 /* UIDevice+Extension.m */,
			);
			path = UIDevice;
			sourceTree = "<group>";
		};
		604EE9F31DF8178300F036C0 /* UIImage */ = {
			isa = PBXGroup;
			children = (
				604EE9F41DF8178300F036C0 /* UIImage+ZZExtension.h */,
				604EE9F51DF8178300F036C0 /* UIImage+ZZExtension.m */,
			);
			path = UIImage;
			sourceTree = "<group>";
		};
		604EE9F61DF8178300F036C0 /* UILabel */ = {
			isa = PBXGroup;
			children = (
				604EE9F71DF8178300F036C0 /* UILabel+Extension.h */,
				604EE9F81DF8178300F036C0 /* UILabel+Extension.m */,
			);
			path = UILabel;
			sourceTree = "<group>";
		};
		604EE9F91DF8178300F036C0 /* UINavigationController */ = {
			isa = PBXGroup;
			children = (
				604EE9FA1DF8178300F036C0 /* UINavigationController+Extension.h */,
				604EE9FB1DF8178300F036C0 /* UINavigationController+Extension.m */,
			);
			path = UINavigationController;
			sourceTree = "<group>";
		};
		604EE9FC1DF8178300F036C0 /* UIScrollView */ = {
			isa = PBXGroup;
			children = (
				604EE9FD1DF8178300F036C0 /* UIScrollView+Extension.h */,
				604EE9FE1DF8178300F036C0 /* UIScrollView+Extension.m */,
			);
			path = UIScrollView;
			sourceTree = "<group>";
		};
		604EE9FF1DF8178300F036C0 /* UITextField */ = {
			isa = PBXGroup;
			children = (
				604EEA001DF8178300F036C0 /* UITextField+Extension.h */,
				604EEA011DF8178300F036C0 /* UITextField+Extension.m */,
			);
			path = UITextField;
			sourceTree = "<group>";
		};
		604EEA021DF8178300F036C0 /* UITextView */ = {
			isa = PBXGroup;
			children = (
				604EEA031DF8178300F036C0 /* UITextView+Extension.h */,
				604EEA041DF8178300F036C0 /* UITextView+Extension.m */,
			);
			path = UITextView;
			sourceTree = "<group>";
		};
		604EEA051DF8178300F036C0 /* UIView */ = {
			isa = PBXGroup;
			children = (
				604EEA061DF8178300F036C0 /* UINavigationController */,
				604EEA091DF8178300F036C0 /* UIView+Extension.h */,
				604EEA0A1DF8178300F036C0 /* UIView+Extension.m */,
				604EEA0B1DF8178300F036C0 /* UIViewController */,
			);
			path = UIView;
			sourceTree = "<group>";
		};
		604EEA061DF8178300F036C0 /* UINavigationController */ = {
			isa = PBXGroup;
			children = (
				604EEA071DF8178300F036C0 /* UINavigationController+Extension.h */,
				604EEA081DF8178300F036C0 /* UINavigationController+Extension.m */,
			);
			path = UINavigationController;
			sourceTree = "<group>";
		};
		604EEA0B1DF8178300F036C0 /* UIViewController */ = {
			isa = PBXGroup;
			children = (
				604EEA0C1DF8178300F036C0 /* UIViewController+Extension.h */,
				604EEA0D1DF8178300F036C0 /* UIViewController+Extension.m */,
			);
			path = UIViewController;
			sourceTree = "<group>";
		};
		604EEA0E1DF8178300F036C0 /* UIViewController */ = {
			isa = PBXGroup;
			children = (
				604EEA0F1DF8178300F036C0 /* UIViewController+Extension.h */,
				604EEA101DF8178300F036C0 /* UIViewController+Extension.m */,
			);
			path = UIViewController;
			sourceTree = "<group>";
		};
		604EEA121DF8178300F036C0 /* ZZMacro */ = {
			isa = PBXGroup;
			children = (
				604EEA131DF8178300F036C0 /* Color.h */,
				604EEA141DF8178300F036C0 /* Font.h */,
				604EEA151DF8178300F036C0 /* Layout.h */,
				604EEA161DF8178300F036C0 /* Tools.h */,
			);
			path = ZZMacro;
			sourceTree = "<group>";
		};
		9A2151553F1CF4EBF05D6A3A /* Pods */ = {
			isa = PBXGroup;
			children = (
				AECAB39BF24ED437D5C83BA2 /* Pods-ZZTools.debug.xcconfig */,
				61D9D809E97E964F90839E3C /* Pods-ZZTools.release.xcconfig */,
			);
			name = Pods;
			sourceTree = "<group>";
		};
/* End PBXGroup section */

/* Begin PBXNativeTarget section */
		2718B76A1DC0B1360078B04E /* ZZTools */ = {
			isa = PBXNativeTarget;
			buildConfigurationList = 2718B7821DC0B1360078B04E /* Build configuration list for PBXNativeTarget "ZZTools" */;
			buildPhases = (
				41834E736BB87B7539F0B46E /* [CP] Check Pods Manifest.lock */,
				2718B7671DC0B1360078B04E /* Sources */,
				2718B7681DC0B1360078B04E /* Frameworks */,
				2718B7691DC0B1360078B04E /* Resources */,
				F0C161EC4718383CA6B865E7 /* [CP] Embed Pods Frameworks */,
				DFF0EB703C6772A44D3C98F2 /* [CP] Copy Pods Resources */,
			);
			buildRules = (
			);
			dependencies = (
			);
			name = ZZTools;
			productName = ZZTools;
			productReference = 2718B76B1DC0B1360078B04E /* ZZTools.app */;
			productType = "com.apple.product-type.application";
		};
/* End PBXNativeTarget section */

/* Begin PBXProject section */
		2718B7631DC0B1360078B04E /* Project object */ = {
			isa = PBXProject;
			attributes = {
				LastUpgradeCheck = 0800;
				ORGANIZATIONNAME = zhaozhe;
				TargetAttributes = {
					2718B76A1DC0B1360078B04E = {
						CreatedOnToolsVersion = 8.0;
						ProvisioningStyle = Manual;
					};
				};
			};
			buildConfigurationList = 2718B7661DC0B1360078B04E /* Build configuration list for PBXProject "ZZTools" */;
			compatibilityVersion = "Xcode 3.2";
			developmentRegion = English;
			hasScannedForEncodings = 0;
			knownRegions = (
				en,
				Base,
			);
			mainGroup = 2718B7621DC0B1360078B04E;
			productRefGroup = 2718B76C1DC0B1360078B04E /* Products */;
			projectDirPath = "";
			projectRoot = "";
			targets = (
				2718B76A1DC0B1360078B04E /* ZZTools */,
			);
		};
/* End PBXProject section */

/* Begin PBXResourcesBuildPhase section */
		2718B7691DC0B1360078B04E /* Resources */ = {
			isa = PBXResourcesBuildPhase;
			buildActionMask = 2147483647;
			files = (
				60B9DD0E1DF6AE2900D64464 /* Province.json in Resources */,
				2718B77E1DC0B1360078B04E /* LaunchScreen.storyboard in Resources */,
				2718B77B1DC0B1360078B04E /* Assets.xcassets in Resources */,
				604EE9CC1DF8174A00F036C0 /* TZImagePickerController.bundle in Resources */,
				60B9DD0D1DF6AE2900D64464 /* address.json in Resources */,
				2718B7791DC0B1360078B04E /* Main.storyboard in Resources */,
			);
			runOnlyForDeploymentPostprocessing = 0;
		};
/* End PBXResourcesBuildPhase section */

/* Begin PBXShellScriptBuildPhase section */
		41834E736BB87B7539F0B46E /* [CP] Check Pods Manifest.lock */ = {
			isa = PBXShellScriptBuildPhase;
			buildActionMask = 2147483647;
			files = (
			);
			inputPaths = (
			);
			name = "[CP] Check Pods Manifest.lock";
			outputPaths = (
			);
			runOnlyForDeploymentPostprocessing = 0;
			shellPath = /bin/sh;
			shellScript = "diff \"${PODS_ROOT}/../Podfile.lock\" \"${PODS_ROOT}/Manifest.lock\" > /dev/null\nif [ $? != 0 ] ; then\n    # print error to STDERR\n    echo \"error: The sandbox is not in sync with the Podfile.lock. Run 'pod install' or update your CocoaPods installation.\" >&2\n    exit 1\nfi\n";
			showEnvVarsInLog = 0;
		};
		DFF0EB703C6772A44D3C98F2 /* [CP] Copy Pods Resources */ = {
			isa = PBXShellScriptBuildPhase;
			buildActionMask = 2147483647;
			files = (
			);
			inputPaths = (
			);
			name = "[CP] Copy Pods Resources";
			outputPaths = (
			);
			runOnlyForDeploymentPostprocessing = 0;
			shellPath = /bin/sh;
			shellScript = "\"${SRCROOT}/Pods/Target Support Files/Pods-ZZTools/Pods-ZZTools-resources.sh\"\n";
			showEnvVarsInLog = 0;
		};
		F0C161EC4718383CA6B865E7 /* [CP] Embed Pods Frameworks */ = {
			isa = PBXShellScriptBuildPhase;
			buildActionMask = 2147483647;
			files = (
			);
			inputPaths = (
			);
			name = "[CP] Embed Pods Frameworks";
			outputPaths = (
			);
			runOnlyForDeploymentPostprocessing = 0;
			shellPath = /bin/sh;
			shellScript = "\"${SRCROOT}/Pods/Target Support Files/Pods-ZZTools/Pods-ZZTools-frameworks.sh\"\n";
			showEnvVarsInLog = 0;
		};
/* End PBXShellScriptBuildPhase section */

/* Begin PBXSourcesBuildPhase section */
		2718B7671DC0B1360078B04E /* Sources */ = {
			isa = PBXSourcesBuildPhase;
			buildActionMask = 2147483647;
			files = (
				60B9DD0A1DF6ADE100D64464 /* AddressModel.m in Sources */,
				603948F71DF6A504000FAABD /* AdvertiseView.m in Sources */,
				6024E1D91DC1DC1B008BA1A5 /* ZZCustomAlertView.m in Sources */,
				604EEA241DF8178300F036C0 /* UIScrollView+Extension.m in Sources */,
				604EEA231DF8178300F036C0 /* UINavigationController+Extension.m in Sources */,
				604EE9D21DF8174A00F036C0 /* UIView+Layout.m in Sources */,
				604EE9D11DF8174A00F036C0 /* TZVideoPlayerController.m in Sources */,
				603948F61DF6A504000FAABD /* AdvertiseHelper.m in Sources */,
				604EE9C91DF8174A00F036C0 /* TZAssetCell.m in Sources */,
				60B9DD121DF6B68F00D64464 /* CustomSwitch.m in Sources */,
				604EE9C81DF8174A00F036C0 /* NSBundle+TZImagePicker.m in Sources */,
				604EEA181DF8178300F036C0 /* NSArray+Extension.m in Sources */,
				604EE9CB1DF8174A00F036C0 /* TZImageManager.m in Sources */,
				604EEA1B1DF8178300F036C0 /* NSObject+Extension.m in Sources */,
				60B9DD071DF6ADAC00D64464 /* AddressPickerView.m in Sources */,
				604EEA2A1DF8178300F036C0 /* UIViewController+Extension.m in Sources */,
				604EEA221DF8178300F036C0 /* UILabel+Extension.m in Sources */,
				604EE9B01DF8172F00F036C0 /* PhotosCollectionView.m in Sources */,
				604EE9CF1DF8174A00F036C0 /* TZPhotoPreviewCell.m in Sources */,
				604EEA261DF8178300F036C0 /* UITextView+Extension.m in Sources */,
				2718B7911DC0BACE0078B04E /* ZZAFNetworkingManager.m in Sources */,
				60B9DD151DF6B70100D64464 /* TagBtnsView.m in Sources */,
				604EE9B11DF8172F00F036C0 /* PhotosCollectionViewCell.m in Sources */,
				604EEA191DF8178300F036C0 /* NSAttributedString+Extension.m in Sources */,
				2718B7761DC0B1360078B04E /* ViewController.m in Sources */,
				604EEA281DF8178300F036C0 /* UIView+Extension.m in Sources */,
				604EEA1C1DF8178300F036C0 /* NSString+ZZExtension.m in Sources */,
				603948F81DF6A504000FAABD /* GuidePagesHelper.m in Sources */,
				6039484E1DF69138000FAABD /* CustomButton.m in Sources */,
				604EEA291DF8178300F036C0 /* UIViewController+Extension.m in Sources */,
				604EEA1D1DF8178300F036C0 /* UIAlertView+Extension.m in Sources */,
				604EEA201DF8178300F036C0 /* UIDevice+Extension.m in Sources */,
				604EEA1A1DF8178300F036C0 /* NSDate+Extension.m in Sources */,
				2718B7731DC0B1360078B04E /* AppDelegate.m in Sources */,
				2718B78B1DC0B5C90078B04E /* ZZMBProgressManager.m in Sources */,
				604EEA1F1DF8178300F036C0 /* UIColor+Extension.m in Sources */,
				603948FE1DF6A75E000FAABD /* DatePickerView.m in Sources */,
				604EE9CD1DF8174A00F036C0 /* TZImagePickerController.m in Sources */,
				604EEA271DF8178300F036C0 /* UINavigationController+Extension.m in Sources */,
				603948F91DF6A504000FAABD /* GuidePagesView.m in Sources */,
				604EE9CA1DF8174A00F036C0 /* TZAssetModel.m in Sources */,
				604EEA211DF8178300F036C0 /* UIImage+ZZExtension.m in Sources */,
				604EEA251DF8178300F036C0 /* UITextField+Extension.m in Sources */,
				2718B7701DC0B1360078B04E /* main.m in Sources */,
				6039484B1DF690F8000FAABD /* CodeButton.m in Sources */,
				604EEA171DF8178300F036C0 /* CLLocation+MPLocation.m in Sources */,
				2718B7871DC0B1AE0078B04E /* ZZFileDataHandle.m in Sources */,
				603948DD1DF6A06A000FAABD /* ButtonsView.m in Sources */,
				604EE9D01DF8174A00F036C0 /* TZPhotoPreviewController.m in Sources */,
				604EEA1E1DF8178300F036C0 /* UIButton+Extension.m in Sources */,
				604EE9CE1DF8174A00F036C0 /* TZPhotoPickerController.m in Sources */,
			);
			runOnlyForDeploymentPostprocessing = 0;
		};
/* End PBXSourcesBuildPhase section */

/* Begin PBXVariantGroup section */
		2718B7771DC0B1360078B04E /* Main.storyboard */ = {
			isa = PBXVariantGroup;
			children = (
				2718B7781DC0B1360078B04E /* Base */,
			);
			name = Main.storyboard;
			sourceTree = "<group>";
		};
		2718B77C1DC0B1360078B04E /* LaunchScreen.storyboard */ = {
			isa = PBXVariantGroup;
			children = (
				2718B77D1DC0B1360078B04E /* Base */,
			);
			name = LaunchScreen.storyboard;
			sourceTree = "<group>";
		};
/* End PBXVariantGroup section */

/* Begin XCBuildConfiguration section */
		2718B7801DC0B1360078B04E /* Debug */ = {
			isa = XCBuildConfiguration;
			buildSettings = {
				ALWAYS_SEARCH_USER_PATHS = NO;
				CLANG_ANALYZER_NONNULL = YES;
				CLANG_CXX_LANGUAGE_STANDARD = "gnu++0x";
				CLANG_CXX_LIBRARY = "libc++";
				CLANG_ENABLE_MODULES = YES;
				CLANG_ENABLE_OBJC_ARC = YES;
				CLANG_WARN_BOOL_CONVERSION = YES;
				CLANG_WARN_CONSTANT_CONVERSION = YES;
				CLANG_WARN_DIRECT_OBJC_ISA_USAGE = YES_ERROR;
				CLANG_WARN_DOCUMENTATION_COMMENTS = YES;
				CLANG_WARN_EMPTY_BODY = YES;
				CLANG_WARN_ENUM_CONVERSION = YES;
				CLANG_WARN_INFINITE_RECURSION = YES;
				CLANG_WARN_INT_CONVERSION = YES;
				CLANG_WARN_OBJC_ROOT_CLASS = YES_ERROR;
				CLANG_WARN_SUSPICIOUS_MOVES = YES;
				CLANG_WARN_UNREACHABLE_CODE = YES;
				CLANG_WARN__DUPLICATE_METHOD_MATCH = YES;
				"CODE_SIGN_IDENTITY[sdk=iphoneos*]" = "iPhone Developer";
				COPY_PHASE_STRIP = NO;
				DEBUG_INFORMATION_FORMAT = dwarf;
				ENABLE_STRICT_OBJC_MSGSEND = YES;
				ENABLE_TESTABILITY = YES;
				GCC_C_LANGUAGE_STANDARD = gnu99;
				GCC_DYNAMIC_NO_PIC = NO;
				GCC_NO_COMMON_BLOCKS = YES;
				GCC_OPTIMIZATION_LEVEL = 0;
				GCC_PREFIX_HEADER = "$(SRCROOT)/ZZTools/PrefixHeader.pch";
				GCC_PREPROCESSOR_DEFINITIONS = (
					"DEBUG=1",
					"$(inherited)",
				);
				GCC_WARN_64_TO_32_BIT_CONVERSION = YES;
				GCC_WARN_ABOUT_RETURN_TYPE = YES_ERROR;
				GCC_WARN_UNDECLARED_SELECTOR = YES;
				GCC_WARN_UNINITIALIZED_AUTOS = YES_AGGRESSIVE;
				GCC_WARN_UNUSED_FUNCTION = YES;
				GCC_WARN_UNUSED_VARIABLE = YES;
				IPHONEOS_DEPLOYMENT_TARGET = 10.0;
				MTL_ENABLE_DEBUG_INFO = YES;
				ONLY_ACTIVE_ARCH = YES;
				SDKROOT = iphoneos;
			};
			name = Debug;
		};
		2718B7811DC0B1360078B04E /* Release */ = {
			isa = XCBuildConfiguration;
			buildSettings = {
				ALWAYS_SEARCH_USER_PATHS = NO;
				CLANG_ANALYZER_NONNULL = YES;
				CLANG_CXX_LANGUAGE_STANDARD = "gnu++0x";
				CLANG_CXX_LIBRARY = "libc++";
				CLANG_ENABLE_MODULES = YES;
				CLANG_ENABLE_OBJC_ARC = YES;
				CLANG_WARN_BOOL_CONVERSION = YES;
				CLANG_WARN_CONSTANT_CONVERSION = YES;
				CLANG_WARN_DIRECT_OBJC_ISA_USAGE = YES_ERROR;
				CLANG_WARN_DOCUMENTATION_COMMENTS = YES;
				CLANG_WARN_EMPTY_BODY = YES;
				CLANG_WARN_ENUM_CONVERSION = YES;
				CLANG_WARN_INFINITE_RECURSION = YES;
				CLANG_WARN_INT_CONVERSION = YES;
				CLANG_WARN_OBJC_ROOT_CLASS = YES_ERROR;
				CLANG_WARN_SUSPICIOUS_MOVES = YES;
				CLANG_WARN_UNREACHABLE_CODE = YES;
				CLANG_WARN__DUPLICATE_METHOD_MATCH = YES;
				"CODE_SIGN_IDENTITY[sdk=iphoneos*]" = "iPhone Developer";
				COPY_PHASE_STRIP = NO;
				DEBUG_INFORMATION_FORMAT = "dwarf-with-dsym";
				ENABLE_NS_ASSERTIONS = NO;
				ENABLE_STRICT_OBJC_MSGSEND = YES;
				GCC_C_LANGUAGE_STANDARD = gnu99;
				GCC_NO_COMMON_BLOCKS = YES;
				GCC_PREFIX_HEADER = "$(SRCROOT)/ZZTools/PrefixHeader.pch";
				GCC_WARN_64_TO_32_BIT_CONVERSION = YES;
				GCC_WARN_ABOUT_RETURN_TYPE = YES_ERROR;
				GCC_WARN_UNDECLARED_SELECTOR = YES;
				GCC_WARN_UNINITIALIZED_AUTOS = YES_AGGRESSIVE;
				GCC_WARN_UNUSED_FUNCTION = YES;
				GCC_WARN_UNUSED_VARIABLE = YES;
				IPHONEOS_DEPLOYMENT_TARGET = 10.0;
				MTL_ENABLE_DEBUG_INFO = NO;
				SDKROOT = iphoneos;
				VALIDATE_PRODUCT = YES;
			};
			name = Release;
		};
		2718B7831DC0B1360078B04E /* Debug */ = {
			isa = XCBuildConfiguration;
			baseConfigurationReference = AECAB39BF24ED437D5C83BA2 /* Pods-ZZTools.debug.xcconfig */;
			buildSettings = {
				ASSETCATALOG_COMPILER_APPICON_NAME = AppIcon;
				DEVELOPMENT_TEAM = "";
				INFOPLIST_FILE = ZZTools/Info.plist;
				LD_RUNPATH_SEARCH_PATHS = "$(inherited) @executable_path/Frameworks";
				PRODUCT_BUNDLE_IDENTIFIER = com.ZZTools;
				PRODUCT_NAME = "$(TARGET_NAME)";
			};
			name = Debug;
		};
		2718B7841DC0B1360078B04E /* Release */ = {
			isa = XCBuildConfiguration;
			baseConfigurationReference = 61D9D809E97E964F90839E3C /* Pods-ZZTools.release.xcconfig */;
			buildSettings = {
				ASSETCATALOG_COMPILER_APPICON_NAME = AppIcon;
				DEVELOPMENT_TEAM = "";
				INFOPLIST_FILE = ZZTools/Info.plist;
				LD_RUNPATH_SEARCH_PATHS = "$(inherited) @executable_path/Frameworks";
				PRODUCT_BUNDLE_IDENTIFIER = com.ZZTools;
				PRODUCT_NAME = "$(TARGET_NAME)";
			};
			name = Release;
		};
/* End XCBuildConfiguration section */

/* Begin XCConfigurationList section */
		2718B7661DC0B1360078B04E /* Build configuration list for PBXProject "ZZTools" */ = {
			isa = XCConfigurationList;
			buildConfigurations = (
				2718B7801DC0B1360078B04E /* Debug */,
				2718B7811DC0B1360078B04E /* Release */,
			);
			defaultConfigurationIsVisible = 0;
			defaultConfigurationName = Release;
		};
		2718B7821DC0B1360078B04E /* Build configuration list for PBXNativeTarget "ZZTools" */ = {
			isa = XCConfigurationList;
			buildConfigurations = (
				2718B7831DC0B1360078B04E /* Debug */,
				2718B7841DC0B1360078B04E /* Release */,
			);
			defaultConfigurationIsVisible = 0;
			defaultConfigurationName = Release;
		};
/* End XCConfigurationList section */
	};
	rootObject = 2718B7631DC0B1360078B04E /* Project object */;
}
